schema: '2.0'
stages:
  data_load:
    cmd: python src/stages/data_load.py --config=params.yaml
    deps:
    - path: src/stages/data_load.py
      hash: md5
      md5: c35bf378c268bf067b308e3636eb72b9
      size: 988
    params:
      params.yaml:
        base:
          random_state: 42
          log_level: INFO
        data_load:
          dataset_csv: data/raw/iris.csv
    outs:
    - path: data/raw/iris.csv
      hash: md5
      md5: 4224576f0267bf88902f87f0f6200967
      size: 2757
  featurize:
    cmd: python src/stages/featurize.py --config=params.yaml
    deps:
    - path: data/raw/iris.csv
      hash: md5
      md5: 4224576f0267bf88902f87f0f6200967
      size: 2757
    - path: src/stages/featurize.py
      hash: md5
      md5: d59d52a4e2767e67699e40e6b771507b
      size: 1324
    params:
      params.yaml:
        base:
          random_state: 42
          log_level: INFO
        data_load:
          dataset_csv: data/raw/iris.csv
        featurize:
          features_path: data/processed/featured_iris.csv
          target_column: target
    outs:
    - path: data/processed/featured_iris.csv
      hash: md5
      md5: 5d03a1564b3038fc35a842f8e4bde491
      size: 7260
  data_split:
    cmd: python src/stages/data_split.py --config=params.yaml
    deps:
    - path: data/processed/featured_iris.csv
      hash: md5
      md5: 5d03a1564b3038fc35a842f8e4bde491
      size: 7260
    - path: src/stages/data_split.py
      hash: md5
      md5: 5836b08251b5f1ecc170c702e74c3144
      size: 1330
    params:
      params.yaml:
        base:
          random_state: 42
          log_level: INFO
        data_split:
          test_size: 0.2
          trainset_path: data/processed/train_iris.csv
          testset_path: data/processed/test_iris.csv
        featurize:
          features_path: data/processed/featured_iris.csv
          target_column: target
    outs:
    - path: data/processed/test_iris.csv
      hash: md5
      md5: 475a2d541f85813a1a12ad52da1dabf4
      size: 1493
    - path: data/processed/train_iris.csv
      hash: md5
      md5: e67d4925eb3ab6ea65d31fbba7ea3e8c
      size: 5764
  train:
    cmd: python src/stages/train.py --config=params.yaml
    deps:
    - path: data/processed/train_iris.csv
      hash: md5
      md5: e67d4925eb3ab6ea65d31fbba7ea3e8c
      size: 5764
    - path: src/stages/train.py
      hash: md5
      md5: 52a9ff6d0bad3147ee6bd76fdca3efef
      size: 1403
    params:
      params.yaml:
        base:
          random_state: 42
          log_level: INFO
        data_split.trainset_path: data/processed/train_iris.csv
        featurize.target_column: target
        train:
          cv: 3
          estimator_name: logreg
          estimators:
            logreg:
              param_grid:
                C:
                - 0.01
                max_iter:
                - 100
                solver:
                - lbfgs
                multi_class:
                - multinomial
            svm:
              param_grid:
                C:
                - 0.1
                - 1.0
                kernel:
                - rbf
                - linear
                gamma:
                - scale
                degree:
                - 3
                - 5
          model_path: models/model.joblib
    outs:
    - path: models/model.joblib
      hash: md5
      md5: b492667aa8585fbc1e7b54f0a354eb1c
      size: 2899
  evaluate:
    cmd: python src/stages/evaluate.py --config=params.yaml
    deps:
    - path: data/processed/test_iris.csv
      hash: md5
      md5: 475a2d541f85813a1a12ad52da1dabf4
      size: 1493
    - path: models/model.joblib
      hash: md5
      md5: b492667aa8585fbc1e7b54f0a354eb1c
      size: 2899
    - path: src/stages/evaluate.py
      hash: md5
      md5: fa4811f561f902a197a0d718bd304c64
      size: 3180
    params:
      params.yaml:
        base:
          random_state: 42
          log_level: INFO
        data_split.testset_path: data/processed/test_iris.csv
        evaluate:
          reports_dir: reports
          metrics_file: metrics.json
          confusion_matrix_image: confusion_matrix.png
          confusion_matrix_data: confusion_matrix_data.csv
        featurize.target_column: target
    outs:
    - path: reports/confusion_matrix.png
      hash: md5
      md5: af6cf634b549238605e85130116827e9
      size: 25051
    - path: reports/confusion_matrix_data.csv
      hash: md5
      md5: 0c4c338c5b47da4e5d4b8caf497c1b53
      size: 573
    - path: reports/metrics.json
      hash: md5
      md5: d533847a0ca14ca93752b1b1f1df349e
      size: 32
